
Microsoft Visual Studio Solution File, Format Version 12.00
# Visual Studio Version 17
VisualStudioVersion = 17.11.35222.181
MinimumVisualStudioVersion = 10.0.40219.1
Project("{FAE04EC0-301F-11D3-BF4B-00C04F79EFBC}") = "ClassLibrary1", "ClassLibrary1\ClassLibrary1.csproj", "{7CAAC888-A337-4EF1-B86F-C3A5FAAB3633}"
EndProject
Global
	GlobalSection(SolutionConfigurationPlatforms) = preSolution
		Debug|Any CPU = Debug|Any CPU
		Release|Any CPU = Release|Any CPU
	EndGlobalSection
	GlobalSection(ProjectConfigurationPlatforms) = postSolution
		{7CAAC888-A337-4EF1-B86F-C3A5FAAB3633}.Debug|Any CPU.ActiveCfg = Debug|Any CPU
		{7CAAC888-A337-4EF1-B86F-C3A5FAAB3633}.Debug|Any CPU.Build.0 = Debug|Any CPU
		{7CAAC888-A337-4EF1-B86F-C3A5FAAB3633}.Release|Any CPU.ActiveCfg = Release|Any CPU
		{7CAAC888-A337-4EF1-B86F-C3A5FAAB3633}.Release|Any CPU.Build.0 = Release|Any CPU
	EndGlobalSection
	GlobalSection(SolutionProperties) = preSolution
		HideSolutionNode = FALSE
	EndGlobalSection
	GlobalSection(ExtensibilityGlobals) = postSolution
		SolutionGuid = {504AD9FB-6247-4D20-BFCE-3539001FC8AC}
	EndGlobalSection
EndGlobal
